
Microsoft Visual Studio Solution File, Format Version 12.00
# Visual Studio 2012
Project("{8BC9CEB8-8B4A-11D0-8D11-00A0C91BC942}") = "THE3", "THE3\THE3.vcxproj", "{36988FA8-9A08-42E4-B38E-125866CE7697}"
EndProject
Global
	GlobalSection(SolutionConfigurationPlatforms) = preSolution
		Debug|Win32 = Debug|Win32
		Release|Win32 = Release|Win32
	EndGlobalSection
	GlobalSection(ProjectConfigurationPlatforms) = postSolution
		{36988FA8-9A08-42E4-B38E-125866CE7697}.Debug|Win32.ActiveCfg = Debug|Win32
		{36988FA8-9A08-42E4-B38E-125866CE7697}.Debug|Win32.Build.0 = Debug|Win32
		{36988FA8-9A08-42E4-B38E-125866CE7697}.Release|Win32.ActiveCfg = Release|Win32
		{36988FA8-9A08-42E4-B38E-125866CE7697}.Release|Win32.Build.0 = Release|Win32
	EndGlobalSection
	GlobalSection(SolutionProperties) = preSolution
		HideSolutionNode = FALSE
	EndGlobalSection
EndGlobal
