// !$*UTF8*$!
{
	archiveVersion = 1;
	classes = {
	};
	objectVersion = 55;
	objects = {

/* Begin PBXBuildFile section */
		F254A03B27E9CD73005E33E3 /* main.cpp in Sources */ = {isa = PBXBuildFile; fileRef = F254A03A27E9CD73005E33E3 /* main.cpp */; };
		F254A04627EA25AD005E33E3 /* tStack.cpp in Sources */ = {isa = PBXBuildFile; fileRef = F254A04527EA25AD005E33E3 /* tStack.cpp */; };
		F254A04927EB1773005E33E3 /* randgen.cpp in Sources */ = {isa = PBXBuildFile; fileRef = F254A04827EB1773005E33E3 /* randgen.cpp */; };
		F2F8359727F4D14900915042 /* strutils.cpp in Sources */ = {isa = PBXBuildFile; fileRef = F2F8359627F4D14900915042 /* strutils.cpp */; };
/* End PBXBuildFile section */

/* Begin PBXCopyFilesBuildPhase section */
		F254A03527E9CD73005E33E3 /* CopyFiles */ = {
			isa = PBXCopyFilesBuildPhase;
			buildActionMask = 2147483647;
			dstPath = /usr/share/man/man1/;
			dstSubfolderSpec = 0;
			files = (
			);
			runOnlyForDeploymentPostprocessing = 1;
		};
/* End PBXCopyFilesBuildPhase section */

/* Begin PBXFileReference section */
		F254A03727E9CD73005E33E3 /* ilginelif_cs300_HW1 */ = {isa = PBXFileReference; explicitFileType = "compiled.mach-o.executable"; includeInIndex = 0; path = ilginelif_cs300_HW1; sourceTree = BUILT_PRODUCTS_DIR; };
		F254A03A27E9CD73005E33E3 /* main.cpp */ = {isa = PBXFileReference; lastKnownFileType = sourcecode.cpp.cpp; path = main.cpp; sourceTree = "<group>"; };
		F254A04427EA2441005E33E3 /* tStack.h */ = {isa = PBXFileReference; lastKnownFileType = sourcecode.c.h; path = tStack.h; sourceTree = "<group>"; };
		F254A04527EA25AD005E33E3 /* tStack.cpp */ = {isa = PBXFileReference; lastKnownFileType = sourcecode.cpp.cpp; path = tStack.cpp; sourceTree = "<group>"; };
		F254A04727EB1773005E33E3 /* randgen.h */ = {isa = PBXFileReference; fileEncoding = 4; lastKnownFileType = sourcecode.c.h; path = randgen.h; sourceTree = "<group>"; };
		F254A04827EB1773005E33E3 /* randgen.cpp */ = {isa = PBXFileReference; fileEncoding = 4; lastKnownFileType = sourcecode.cpp.cpp; path = randgen.cpp; sourceTree = "<group>"; };
		F2F8359527F4D14900915042 /* strutils.h */ = {isa = PBXFileReference; fileEncoding = 4; lastKnownFileType = sourcecode.c.h; path = strutils.h; sourceTree = "<group>"; };
		F2F8359627F4D14900915042 /* strutils.cpp */ = {isa = PBXFileReference; fileEncoding = 4; lastKnownFileType = sourcecode.cpp.cpp; path = strutils.cpp; sourceTree = "<group>"; };
/* End PBXFileReference section */

/* Begin PBXFrameworksBuildPhase section */
		F254A03427E9CD73005E33E3 /* Frameworks */ = {
			isa = PBXFrameworksBuildPhase;
			buildActionMask = 2147483647;
			files = (
			);
			runOnlyForDeploymentPostprocessing = 0;
		};
/* End PBXFrameworksBuildPhase section */

/* Begin PBXGroup section */
		F254A02E27E9CD73005E33E3 = {
			isa = PBXGroup;
			children = (
				F254A03927E9CD73005E33E3 /* ilginelif_cs300_HW1 */,
				F254A03827E9CD73005E33E3 /* Products */,
			);
			sourceTree = "<group>";
		};
		F254A03827E9CD73005E33E3 /* Products */ = {
			isa = PBXGroup;
			children = (
				F254A03727E9CD73005E33E3 /* ilginelif_cs300_HW1 */,
			);
			name = Products;
			sourceTree = "<group>";
		};
		F254A03927E9CD73005E33E3 /* ilginelif_cs300_HW1 */ = {
			isa = PBXGroup;
			children = (
				F2F8359627F4D14900915042 /* strutils.cpp */,
				F2F8359527F4D14900915042 /* strutils.h */,
				F254A04827EB1773005E33E3 /* randgen.cpp */,
				F254A04727EB1773005E33E3 /* randgen.h */,
				F254A03A27E9CD73005E33E3 /* main.cpp */,
				F254A04427EA2441005E33E3 /* tStack.h */,
				F254A04527EA25AD005E33E3 /* tStack.cpp */,
			);
			path = ilginelif_cs300_HW1;
			sourceTree = "<group>";
		};
/* End PBXGroup section */

/* Begin PBXNativeTarget section */
		F254A03627E9CD73005E33E3 /* ilginelif_cs300_HW1 */ = {
			isa = PBXNativeTarget;
			buildConfigurationList = F254A03E27E9CD73005E33E3 /* Build configuration list for PBXNativeTarget "ilginelif_cs300_HW1" */;
			buildPhases = (
				F254A03327E9CD73005E33E3 /* Sources */,
				F254A03427E9CD73005E33E3 /* Frameworks */,
				F254A03527E9CD73005E33E3 /* CopyFiles */,
			);
			buildRules = (
			);
			dependencies = (
			);
			name = ilginelif_cs300_HW1;
			productName = ilginelif_cs300_HW1;
			productReference = F254A03727E9CD73005E33E3 /* ilginelif_cs300_HW1 */;
			productType = "com.apple.product-type.tool";
		};
/* End PBXNativeTarget section */

/* Begin PBXProject section */
		F254A02F27E9CD73005E33E3 /* Project object */ = {
			isa = PBXProject;
			attributes = {
				BuildIndependentTargetsInParallel = 1;
				LastUpgradeCheck = 1320;
				TargetAttributes = {
					F254A03627E9CD73005E33E3 = {
						CreatedOnToolsVersion = 13.2.1;
					};
				};
			};
			buildConfigurationList = F254A03227E9CD73005E33E3 /* Build configuration list for PBXProject "ilginelif_cs300_HW1" */;
			compatibilityVersion = "Xcode 13.0";
			developmentRegion = en;
			hasScannedForEncodings = 0;
			knownRegions = (
				en,
				Base,
			);
			mainGroup = F254A02E27E9CD73005E33E3;
			productRefGroup = F254A03827E9CD73005E33E3 /* Products */;
			projectDirPath = "";
			projectRoot = "";
			targets = (
				F254A03627E9CD73005E33E3 /* ilginelif_cs300_HW1 */,
			);
		};
/* End PBXProject section */

/* Begin PBXSourcesBuildPhase section */
		F254A03327E9CD73005E33E3 /* Sources */ = {
			isa = PBXSourcesBuildPhase;
			buildActionMask = 2147483647;
			files = (
				F254A03B27E9CD73005E33E3 /* main.cpp in Sources */,
				F254A04627EA25AD005E33E3 /* tStack.cpp in Sources */,
				F254A04927EB1773005E33E3 /* randgen.cpp in Sources */,
				F2F8359727F4D14900915042 /* strutils.cpp in Sources */,
			);
			runOnlyForDeploymentPostprocessing = 0;
		};
/* End PBXSourcesBuildPhase section */

/* Begin XCBuildConfiguration section */
		F254A03C27E9CD73005E33E3 /* Debug */ = {
			isa = XCBuildConfiguration;
			buildSettings = {
				ALWAYS_SEARCH_USER_PATHS = NO;
				CLANG_ANALYZER_NONNULL = YES;
				CLANG_ANALYZER_NUMBER_OBJECT_CONVERSION = YES_AGGRESSIVE;
				CLANG_CXX_LANGUAGE_STANDARD = "gnu++17";
				CLANG_CXX_LIBRARY = "libc++";
				CLANG_ENABLE_MODULES = YES;
				CLANG_ENABLE_OBJC_ARC = YES;
				CLANG_ENABLE_OBJC_WEAK = YES;
				CLANG_WARN_BLOCK_CAPTURE_AUTORELEASING = YES;
				CLANG_WARN_BOOL_CONVERSION = YES;
				CLANG_WARN_COMMA = YES;
				CLANG_WARN_CONSTANT_CONVERSION = YES;
				CLANG_WARN_DEPRECATED_OBJC_IMPLEMENTATIONS = YES;
				CLANG_WARN_DIRECT_OBJC_ISA_USAGE = YES_ERROR;
				CLANG_WARN_DOCUMENTATION_COMMENTS = YES;
				CLANG_WARN_EMPTY_BODY = YES;
				CLANG_WARN_ENUM_CONVERSION = YES;
				CLANG_WARN_INFINITE_RECURSION = YES;
				CLANG_WARN_INT_CONVERSION = YES;
				CLANG_WARN_NON_LITERAL_NULL_CONVERSION = YES;
				CLANG_WARN_OBJC_IMPLICIT_RETAIN_SELF = YES;
				CLANG_WARN_OBJC_LITERAL_CONVERSION = YES;
				CLANG_WARN_OBJC_ROOT_CLASS = YES_ERROR;
				CLANG_WARN_QUOTED_INCLUDE_IN_FRAMEWORK_HEADER = YES;
				CLANG_WARN_RANGE_LOOP_ANALYSIS = YES;
				CLANG_WARN_STRICT_PROTOTYPES = YES;
				CLANG_WARN_SUSPICIOUS_MOVE = YES;
				CLANG_WARN_UNGUARDED_AVAILABILITY = YES_AGGRESSIVE;
				CLANG_WARN_UNREACHABLE_CODE = YES;
				CLANG_WARN__DUPLICATE_METHOD_MATCH = YES;
				COPY_PHASE_STRIP = NO;
				DEBUG_INFORMATION_FORMAT = dwarf;
				ENABLE_STRICT_OBJC_MSGSEND = YES;
				ENABLE_TESTABILITY = YES;
				GCC_C_LANGUAGE_STANDARD = gnu11;
				GCC_DYNAMIC_NO_PIC = NO;
				GCC_NO_COMMON_BLOCKS = YES;
				GCC_OPTIMIZATION_LEVEL = 0;
				GCC_PREPROCESSOR_DEFINITIONS = (
					"DEBUG=1",
					"$(inherited)",
				);
				GCC_WARN_64_TO_32_BIT_CONVERSION = YES;
				GCC_WARN_ABOUT_RETURN_TYPE = YES_ERROR;
				GCC_WARN_UNDECLARED_SELECTOR = YES;
				GCC_WARN_UNINITIALIZED_AUTOS = YES_AGGRESSIVE;
				GCC_WARN_UNUSED_FUNCTION = YES;
				GCC_WARN_UNUSED_VARIABLE = YES;
				MACOSX_DEPLOYMENT_TARGET = 12.1;
				MTL_ENABLE_DEBUG_INFO = INCLUDE_SOURCE;
				MTL_FAST_MATH = YES;
				ONLY_ACTIVE_ARCH = YES;
				SDKROOT = macosx;
			};
			name = Debug;
		};
		F254A03D27E9CD73005E33E3 /* Release */ = {
			isa = XCBuildConfiguration;
			buildSettings = {
				ALWAYS_SEARCH_USER_PATHS = NO;
				CLANG_ANALYZER_NONNULL = YES;
				CLANG_ANALYZER_NUMBER_OBJECT_CONVERSION = YES_AGGRESSIVE;
				CLANG_CXX_LANGUAGE_STANDARD = "gnu++17";
				CLANG_CXX_LIBRARY = "libc++";
				CLANG_ENABLE_MODULES = YES;
				CLANG_ENABLE_OBJC_ARC = YES;
				CLANG_ENABLE_OBJC_WEAK = YES;
				CLANG_WARN_BLOCK_CAPTURE_AUTORELEASING = YES;
				CLANG_WARN_BOOL_CONVERSION = YES;
				CLANG_WARN_COMMA = YES;
				CLANG_WARN_CONSTANT_CONVERSION = YES;
				CLANG_WARN_DEPRECATED_OBJC_IMPLEMENTATIONS = YES;
				CLANG_WARN_DIRECT_OBJC_ISA_USAGE = YES_ERROR;
				CLANG_WARN_DOCUMENTATION_COMMENTS = YES;
				CLANG_WARN_EMPTY_BODY = YES;
				CLANG_WARN_ENUM_CONVERSION = YES;
				CLANG_WARN_INFINITE_RECURSION = YES;
				CLANG_WARN_INT_CONVERSION = YES;
				CLANG_WARN_NON_LITERAL_NULL_CONVERSION = YES;
				CLANG_WARN_OBJC_IMPLICIT_RETAIN_SELF = YES;
				CLANG_WARN_OBJC_LITERAL_CONVERSION = YES;
				CLANG_WARN_OBJC_ROOT_CLASS = YES_ERROR;
				CLANG_WARN_QUOTED_INCLUDE_IN_FRAMEWORK_HEADER = YES;
				CLANG_WARN_RANGE_LOOP_ANALYSIS = YES;
				CLANG_WARN_STRICT_PROTOTYPES = YES;
				CLANG_WARN_SUSPICIOUS_MOVE = YES;
				CLANG_WARN_UNGUARDED_AVAILABILITY = YES_AGGRESSIVE;
				CLANG_WARN_UNREACHABLE_CODE = YES;
				CLANG_WARN__DUPLICATE_METHOD_MATCH = YES;
				COPY_PHASE_STRIP = NO;
				DEBUG_INFORMATION_FORMAT = "dwarf-with-dsym";
				ENABLE_NS_ASSERTIONS = NO;
				ENABLE_STRICT_OBJC_MSGSEND = YES;
				GCC_C_LANGUAGE_STANDARD = gnu11;
				GCC_NO_COMMON_BLOCKS = YES;
				GCC_WARN_64_TO_32_BIT_CONVERSION = YES;
				GCC_WARN_ABOUT_RETURN_TYPE = YES_ERROR;
				GCC_WARN_UNDECLARED_SELECTOR = YES;
				GCC_WARN_UNINITIALIZED_AUTOS = YES_AGGRESSIVE;
				GCC_WARN_UNUSED_FUNCTION = YES;
				GCC_WARN_UNUSED_VARIABLE = YES;
				MACOSX_DEPLOYMENT_TARGET = 12.1;
				MTL_ENABLE_DEBUG_INFO = NO;
				MTL_FAST_MATH = YES;
				SDKROOT = macosx;
			};
			name = Release;
		};
		F254A03F27E9CD73005E33E3 /* Debug */ = {
			isa = XCBuildConfiguration;
			buildSettings = {
				CODE_SIGN_STYLE = Automatic;
				PRODUCT_NAME = "$(TARGET_NAME)";
			};
			name = Debug;
		};
		F254A04027E9CD73005E33E3 /* Release */ = {
			isa = XCBuildConfiguration;
			buildSettings = {
				CODE_SIGN_STYLE = Automatic;
				PRODUCT_NAME = "$(TARGET_NAME)";
			};
			name = Release;
		};
/* End XCBuildConfiguration section */

/* Begin XCConfigurationList section */
		F254A03227E9CD73005E33E3 /* Build configuration list for PBXProject "ilginelif_cs300_HW1" */ = {
			isa = XCConfigurationList;
			buildConfigurations = (
				F254A03C27E9CD73005E33E3 /* Debug */,
				F254A03D27E9CD73005E33E3 /* Release */,
			);
			defaultConfigurationIsVisible = 0;
			defaultConfigurationName = Release;
		};
		F254A03E27E9CD73005E33E3 /* Build configuration list for PBXNativeTarget "ilginelif_cs300_HW1" */ = {
			isa = XCConfigurationList;
			buildConfigurations = (
				F254A03F27E9CD73005E33E3 /* Debug */,
				F254A04027E9CD73005E33E3 /* Release */,
			);
			defaultConfigurationIsVisible = 0;
			defaultConfigurationName = Release;
		};
/* End XCConfigurationList section */
	};
	rootObject = F254A02F27E9CD73005E33E3 /* Project object */;
}
